{
  "nodes": {
    "nixpkgs": {
      "locked": {
        "lastModified": 1754725699,
        "narHash": "sha256-iAcj9T/Y+3DBy2J0N+yF9XQQQ8IEb5swLFzs23CdP88=",
        "owner": "NixOS",
        "repo": "nixpkgs",
        "rev": "85dbfc7aaf52ecb755f87e577ddbe6dbbdbc1054",
        "type": "github"
      },
      "original": {
        "owner": "NixOS",
        "ref": "nixos-unstable",
        "repo": "nixpkgs",
        "type": "github"
      }
    },
    "root": {
      "inputs": {
        "nixpkgs": "nixpkgs",
        "typst-packages": "typst-packages"
      }
    },
    "typst-packages": {
      "flake": false,
      "locked": {
        "lastModified": 1754553492,
        "narHash": "sha256-327qDRjRsVTdQAl8Z2Lq4KVAHYkmVIQUrirga6zAkf4=",
        "owner": "typst",
        "repo": "packages",
        "rev": "9c7f1513a2b9795152cdbf0176ef459926c0d088",
        "type": "github"
      },
      "original": {
        "owner": "typst",
        "ref": "main",
        "repo": "packages",
        "type": "github"
      }
    }
  },
  "root": "root",
  "version": 7
}
